
Microsoft Visual Studio Solution File, Format Version 12.00
# Visual Studio Version 16
VisualStudioVersion = 16.0.29806.167
MinimumVisualStudioVersion = 10.0.40219.1
Project("{8BC9CEB8-8B4A-11D0-8D11-00A0C91BC942}") = "OpenExcel", "OpenExcel\OpenExcel.vcxproj", "{2733674E-B811-48FD-B953-853EB02E96A7}"
EndProject
Global
	GlobalSection(SolutionConfigurationPlatforms) = preSolution
		Debug|x64 = Debug|x64
		Debug|x86 = Debug|x86
		Release|x64 = Release|x64
		Release|x86 = Release|x86
	EndGlobalSection
	GlobalSection(ProjectConfigurationPlatforms) = postSolution
		{2733674E-B811-48FD-B953-853EB02E96A7}.Debug|x64.ActiveCfg = Debug|x64
		{2733674E-B811-48FD-B953-853EB02E96A7}.Debug|x64.Build.0 = Debug|x64
		{2733674E-B811-48FD-B953-853EB02E96A7}.Debug|x86.ActiveCfg = Debug|Win32
		{2733674E-B811-48FD-B953-853EB02E96A7}.Debug|x86.Build.0 = Debug|Win32
		{2733674E-B811-48FD-B953-853EB02E96A7}.Release|x64.ActiveCfg = Release|x64
		{2733674E-B811-48FD-B953-853EB02E96A7}.Release|x64.Build.0 = Release|x64
		{2733674E-B811-48FD-B953-853EB02E96A7}.Release|x86.ActiveCfg = Release|Win32
		{2733674E-B811-48FD-B953-853EB02E96A7}.Release|x86.Build.0 = Release|Win32
	EndGlobalSection
	GlobalSection(SolutionProperties) = preSolution
		HideSolutionNode = FALSE
	EndGlobalSection
	GlobalSection(ExtensibilityGlobals) = postSolution
		SolutionGuid = {14A18D7F-AE45-4225-B84E-2FD7949FE696}
	EndGlobalSection
EndGlobal
